# DO NOT EDIT MANUALLY - Managed by Fern Replay
version: "1.0"
generations:
  - commit_sha: da6656f727b64db50c51114260fefe3e13c0aa0f
    tree_hash: 366209e32dee79f8ad13ad65ca221228c039e5d2
    timestamp: 2026-08-26T02:14:35.243Z
    cli_version: unknown
    generator_versions: {}
current_generation: da6656f727b64db50c51114260fefe3e13c0aa0f
patches: []
